
Microsoft Visual Studio Solution File, Format Version 12.00
# Visual Studio Version 16
VisualStudioVersion = 16.0.29920.165
MinimumVisualStudioVersion = 10.0.40219.1
Project("{FAE04EC0-301F-11D3-BF4B-00C04F79EFBC}") = "Assembly-CSharp", "Assembly-CSharp.csproj", "{A9FF7BB4-A6D8-7844-764E-1B3E1A7C1E8B}"
EndProject
Global
	GlobalSection(SolutionConfigurationPlatforms) = preSolution
		Debug|Any CPU = Debug|Any CPU
	EndGlobalSection
	GlobalSection(ProjectConfigurationPlatforms) = postSolution
		{A9FF7BB4-A6D8-7844-764E-1B3E1A7C1E8B}.Debug|Any CPU.ActiveCfg = Debug|Any CPU
		{A9FF7BB4-A6D8-7844-764E-1B3E1A7C1E8B}.Debug|Any CPU.Build.0 = Debug|Any CPU
	EndGlobalSection
	GlobalSection(SolutionProperties) = preSolution
		HideSolutionNode = FALSE
	EndGlobalSection
	GlobalSection(ExtensibilityGlobals) = postSolution
		SolutionGuid = {FA2D1523-AAF4-4B66-B73E-48D9BBCEB2A9}
	EndGlobalSection
EndGlobal
